// !$*UTF8*$!
{
	archiveVersion = 1;
	classes = {
	};
	objectVersion = 56;
	objects = {

/* Begin PBXBuildFile section */
		867AB0822B707DAD0003BEF4 /* MockDogBreedService.swift in Sources */ = {isa = PBXBuildFile; fileRef = 867AB0812B707DAD0003BEF4 /* MockDogBreedService.swift */; };
		867AB0842B707F090003BEF4 /* DogBreedListViewModelTests.swift in Sources */ = {isa = PBXBuildFile; fileRef = 867AB0832B707F090003BEF4 /* DogBreedListViewModelTests.swift */; };
		867AB0862B7085B70003BEF4 /* DogBreedDetailViewModelTests.swift in Sources */ = {isa = PBXBuildFile; fileRef = 867AB0852B7085B70003BEF4 /* DogBreedDetailViewModelTests.swift */; };
		86A6948C2B6FDE7400BF7BD9 /* BreedAppApp.swift in Sources */ = {isa = PBXBuildFile; fileRef = 86A6948B2B6FDE7400BF7BD9 /* BreedAppApp.swift */; };
		86A694902B6FDE7500BF7BD9 /* Assets.xcassets in Resources */ = {isa = PBXBuildFile; fileRef = 86A6948F2B6FDE7500BF7BD9 /* Assets.xcassets */; };
		86A694932B6FDE7500BF7BD9 /* Preview Assets.xcassets in Resources */ = {isa = PBXBuildFile; fileRef = 86A694922B6FDE7500BF7BD9 /* Preview Assets.xcassets */; };
		86A6949B2B6FE14400BF7BD9 /* DogBreedService.swift in Sources */ = {isa = PBXBuildFile; fileRef = 86A6949A2B6FE14400BF7BD9 /* DogBreedService.swift */; };
		86A6949D2B6FE15A00BF7BD9 /* DogBreedServiceProtocol.swift in Sources */ = {isa = PBXBuildFile; fileRef = 86A6949C2B6FE15900BF7BD9 /* DogBreedServiceProtocol.swift */; };
		86A694A52B6FE45700BF7BD9 /* DogBreedListViewModel.swift in Sources */ = {isa = PBXBuildFile; fileRef = 86A694A42B6FE45700BF7BD9 /* DogBreedListViewModel.swift */; };
		86A694A72B6FE7FB00BF7BD9 /* DogBreedModel.swift in Sources */ = {isa = PBXBuildFile; fileRef = 86A694A62B6FE7FB00BF7BD9 /* DogBreedModel.swift */; };
		86A694AF2B6FF0E200BF7BD9 /* DogBreedServiceTest.swift in Sources */ = {isa = PBXBuildFile; fileRef = 86A694AE2B6FF0E200BF7BD9 /* DogBreedServiceTest.swift */; };
		86A694B82B70329E00BF7BD9 /* DogBreedListView.swift in Sources */ = {isa = PBXBuildFile; fileRef = 86A694B72B70329E00BF7BD9 /* DogBreedListView.swift */; };
		86A694BA2B70351600BF7BD9 /* DogBreedView.swift in Sources */ = {isa = PBXBuildFile; fileRef = 86A694B92B70351600BF7BD9 /* DogBreedView.swift */; };
		86A694BC2B7045D800BF7BD9 /* RootNavigationView.swift in Sources */ = {isa = PBXBuildFile; fileRef = 86A694BB2B7045D800BF7BD9 /* RootNavigationView.swift */; };
		86A694BE2B70652700BF7BD9 /* DogBreedDetailsViewModel.swift in Sources */ = {isa = PBXBuildFile; fileRef = 86A694BD2B70652700BF7BD9 /* DogBreedDetailsViewModel.swift */; };
		86A694C02B70657200BF7BD9 /* DogBreedDetailView.swift in Sources */ = {isa = PBXBuildFile; fileRef = 86A694BF2B70657200BF7BD9 /* DogBreedDetailView.swift */; };
		86A694C22B706EDD00BF7BD9 /* DogBreedSearchViewModel.swift in Sources */ = {isa = PBXBuildFile; fileRef = 86A694C12B706EDD00BF7BD9 /* DogBreedSearchViewModel.swift */; };
		86A694C42B706EFE00BF7BD9 /* DogBreedSearchView.swift in Sources */ = {isa = PBXBuildFile; fileRef = 86A694C32B706EFE00BF7BD9 /* DogBreedSearchView.swift */; };
/* End PBXBuildFile section */

/* Begin PBXContainerItemProxy section */
		86A694B02B6FF0E200BF7BD9 /* PBXContainerItemProxy */ = {
			isa = PBXContainerItemProxy;
			containerPortal = 86A694802B6FDE7400BF7BD9 /* Project object */;
			proxyType = 1;
			remoteGlobalIDString = 86A694872B6FDE7400BF7BD9;
			remoteInfo = BreedApp;
		};
/* End PBXContainerItemProxy section */

/* Begin PBXFileReference section */
		867AB0812B707DAD0003BEF4 /* MockDogBreedService.swift */ = {isa = PBXFileReference; lastKnownFileType = sourcecode.swift; path = MockDogBreedService.swift; sourceTree = "<group>"; };
		867AB0832B707F090003BEF4 /* DogBreedListViewModelTests.swift */ = {isa = PBXFileReference; lastKnownFileType = sourcecode.swift; path = DogBreedListViewModelTests.swift; sourceTree = "<group>"; };
		867AB0852B7085B70003BEF4 /* DogBreedDetailViewModelTests.swift */ = {isa = PBXFileReference; lastKnownFileType = sourcecode.swift; path = DogBreedDetailViewModelTests.swift; sourceTree = "<group>"; };
		86A694882B6FDE7400BF7BD9 /* BreedApp.app */ = {isa = PBXFileReference; explicitFileType = wrapper.application; includeInIndex = 0; path = BreedApp.app; sourceTree = BUILT_PRODUCTS_DIR; };
		86A6948B2B6FDE7400BF7BD9 /* BreedAppApp.swift */ = {isa = PBXFileReference; lastKnownFileType = sourcecode.swift; path = BreedAppApp.swift; sourceTree = "<group>"; };
		86A6948F2B6FDE7500BF7BD9 /* Assets.xcassets */ = {isa = PBXFileReference; lastKnownFileType = folder.assetcatalog; path = Assets.xcassets; sourceTree = "<group>"; };
		86A694922B6FDE7500BF7BD9 /* Preview Assets.xcassets */ = {isa = PBXFileReference; lastKnownFileType = folder.assetcatalog; path = "Preview Assets.xcassets"; sourceTree = "<group>"; };
		86A6949A2B6FE14400BF7BD9 /* DogBreedService.swift */ = {isa = PBXFileReference; lastKnownFileType = sourcecode.swift; path = DogBreedService.swift; sourceTree = "<group>"; };
		86A6949C2B6FE15900BF7BD9 /* DogBreedServiceProtocol.swift */ = {isa = PBXFileReference; lastKnownFileType = sourcecode.swift; path = DogBreedServiceProtocol.swift; sourceTree = "<group>"; };
		86A694A42B6FE45700BF7BD9 /* DogBreedListViewModel.swift */ = {isa = PBXFileReference; lastKnownFileType = sourcecode.swift; path = DogBreedListViewModel.swift; sourceTree = "<group>"; };
		86A694A62B6FE7FB00BF7BD9 /* DogBreedModel.swift */ = {isa = PBXFileReference; lastKnownFileType = sourcecode.swift; path = DogBreedModel.swift; sourceTree = "<group>"; };
		86A694AC2B6FF0E200BF7BD9 /* BreedAppTests.xctest */ = {isa = PBXFileReference; explicitFileType = wrapper.cfbundle; includeInIndex = 0; path = BreedAppTests.xctest; sourceTree = BUILT_PRODUCTS_DIR; };
		86A694AE2B6FF0E200BF7BD9 /* DogBreedServiceTest.swift */ = {isa = PBXFileReference; lastKnownFileType = sourcecode.swift; path = DogBreedServiceTest.swift; sourceTree = "<group>"; };
		86A694B72B70329E00BF7BD9 /* DogBreedListView.swift */ = {isa = PBXFileReference; lastKnownFileType = sourcecode.swift; path = DogBreedListView.swift; sourceTree = "<group>"; };
		86A694B92B70351600BF7BD9 /* DogBreedView.swift */ = {isa = PBXFileReference; lastKnownFileType = sourcecode.swift; path = DogBreedView.swift; sourceTree = "<group>"; };
		86A694BB2B7045D800BF7BD9 /* RootNavigationView.swift */ = {isa = PBXFileReference; lastKnownFileType = sourcecode.swift; path = RootNavigationView.swift; sourceTree = "<group>"; };
		86A694BD2B70652700BF7BD9 /* DogBreedDetailsViewModel.swift */ = {isa = PBXFileReference; lastKnownFileType = sourcecode.swift; path = DogBreedDetailsViewModel.swift; sourceTree = "<group>"; };
		86A694BF2B70657200BF7BD9 /* DogBreedDetailView.swift */ = {isa = PBXFileReference; lastKnownFileType = sourcecode.swift; path = DogBreedDetailView.swift; sourceTree = "<group>"; };
		86A694C12B706EDD00BF7BD9 /* DogBreedSearchViewModel.swift */ = {isa = PBXFileReference; lastKnownFileType = sourcecode.swift; path = DogBreedSearchViewModel.swift; sourceTree = "<group>"; };
		86A694C32B706EFE00BF7BD9 /* DogBreedSearchView.swift */ = {isa = PBXFileReference; lastKnownFileType = sourcecode.swift; path = DogBreedSearchView.swift; sourceTree = "<group>"; };
/* End PBXFileReference section */

/* Begin PBXFrameworksBuildPhase section */
		86A694852B6FDE7400BF7BD9 /* Frameworks */ = {
			isa = PBXFrameworksBuildPhase;
			buildActionMask = 2147483647;
			files = (
			);
			runOnlyForDeploymentPostprocessing = 0;
		};
		86A694A92B6FF0E200BF7BD9 /* Frameworks */ = {
			isa = PBXFrameworksBuildPhase;
			buildActionMask = 2147483647;
			files = (
			);
			runOnlyForDeploymentPostprocessing = 0;
		};
/* End PBXFrameworksBuildPhase section */

/* Begin PBXGroup section */
		867AB07F2B707CD30003BEF4 /* ViewModels */ = {
			isa = PBXGroup;
			children = (
				867AB0832B707F090003BEF4 /* DogBreedListViewModelTests.swift */,
				867AB0852B7085B70003BEF4 /* DogBreedDetailViewModelTests.swift */,
			);
			path = ViewModels;
			sourceTree = "<group>";
		};
		867AB0802B707D130003BEF4 /* Mocks */ = {
			isa = PBXGroup;
			children = (
				867AB0812B707DAD0003BEF4 /* MockDogBreedService.swift */,
			);
			path = Mocks;
			sourceTree = "<group>";
		};
		86A6947F2B6FDE7400BF7BD9 = {
			isa = PBXGroup;
			children = (
				86A6948A2B6FDE7400BF7BD9 /* BreedApp */,
				86A694AD2B6FF0E200BF7BD9 /* BreedAppTests */,
				86A694892B6FDE7400BF7BD9 /* Products */,
			);
			sourceTree = "<group>";
		};
		86A694892B6FDE7400BF7BD9 /* Products */ = {
			isa = PBXGroup;
			children = (
				86A694882B6FDE7400BF7BD9 /* BreedApp.app */,
				86A694AC2B6FF0E200BF7BD9 /* BreedAppTests.xctest */,
			);
			name = Products;
			sourceTree = "<group>";
		};
		86A6948A2B6FDE7400BF7BD9 /* BreedApp */ = {
			isa = PBXGroup;
			children = (
				86A694A22B6FE2AA00BF7BD9 /* Utils */,
				86A6949F2B6FE27000BF7BD9 /* Models */,
				86A694A02B6FE29000BF7BD9 /* ViewModels */,
				86A694B62B70323000BF7BD9 /* Views */,
				86A694992B6FE10400BF7BD9 /* Services */,
				86A6948B2B6FDE7400BF7BD9 /* BreedAppApp.swift */,
				86A6948F2B6FDE7500BF7BD9 /* Assets.xcassets */,
				86A694912B6FDE7500BF7BD9 /* Preview Content */,
			);
			path = BreedApp;
			sourceTree = "<group>";
		};
		86A694912B6FDE7500BF7BD9 /* Preview Content */ = {
			isa = PBXGroup;
			children = (
				86A694922B6FDE7500BF7BD9 /* Preview Assets.xcassets */,
			);
			path = "Preview Content";
			sourceTree = "<group>";
		};
		86A694992B6FE10400BF7BD9 /* Services */ = {
			isa = PBXGroup;
			children = (
				86A6949A2B6FE14400BF7BD9 /* DogBreedService.swift */,
				86A6949C2B6FE15900BF7BD9 /* DogBreedServiceProtocol.swift */,
			);
			path = Services;
			sourceTree = "<group>";
		};
		86A6949F2B6FE27000BF7BD9 /* Models */ = {
			isa = PBXGroup;
			children = (
				86A694A62B6FE7FB00BF7BD9 /* DogBreedModel.swift */,
			);
			path = Models;
			sourceTree = "<group>";
		};
		86A694A02B6FE29000BF7BD9 /* ViewModels */ = {
			isa = PBXGroup;
			children = (
				86A694A42B6FE45700BF7BD9 /* DogBreedListViewModel.swift */,
				86A694BD2B70652700BF7BD9 /* DogBreedDetailsViewModel.swift */,
				86A694C12B706EDD00BF7BD9 /* DogBreedSearchViewModel.swift */,
			);
			path = ViewModels;
			sourceTree = "<group>";
		};
		86A694A22B6FE2AA00BF7BD9 /* Utils */ = {
			isa = PBXGroup;
			children = (
			);
			path = Utils;
			sourceTree = "<group>";
		};
		86A694AD2B6FF0E200BF7BD9 /* BreedAppTests */ = {
			isa = PBXGroup;
			children = (
				867AB0802B707D130003BEF4 /* Mocks */,
				867AB07F2B707CD30003BEF4 /* ViewModels */,
				86A694B52B6FF10B00BF7BD9 /* Services */,
				86A694AE2B6FF0E200BF7BD9 /* DogBreedServiceTest.swift */,
			);
			path = BreedAppTests;
			sourceTree = "<group>";
		};
		86A694B52B6FF10B00BF7BD9 /* Services */ = {
			isa = PBXGroup;
			children = (
			);
			path = Services;
			sourceTree = "<group>";
		};
		86A694B62B70323000BF7BD9 /* Views */ = {
			isa = PBXGroup;
			children = (
				86A694B72B70329E00BF7BD9 /* DogBreedListView.swift */,
				86A694B92B70351600BF7BD9 /* DogBreedView.swift */,
				86A694BF2B70657200BF7BD9 /* DogBreedDetailView.swift */,
				86A694C32B706EFE00BF7BD9 /* DogBreedSearchView.swift */,
				86A694BB2B7045D800BF7BD9 /* RootNavigationView.swift */,
			);
			path = Views;
			sourceTree = "<group>";
		};
/* End PBXGroup section */

/* Begin PBXNativeTarget section */
		86A694872B6FDE7400BF7BD9 /* BreedApp */ = {
			isa = PBXNativeTarget;
			buildConfigurationList = 86A694962B6FDE7500BF7BD9 /* Build configuration list for PBXNativeTarget "BreedApp" */;
			buildPhases = (
				86A694842B6FDE7400BF7BD9 /* Sources */,
				86A694852B6FDE7400BF7BD9 /* Frameworks */,
				86A694862B6FDE7400BF7BD9 /* Resources */,
			);
			buildRules = (
			);
			dependencies = (
			);
			name = BreedApp;
			productName = BreedApp;
			productReference = 86A694882B6FDE7400BF7BD9 /* BreedApp.app */;
			productType = "com.apple.product-type.application";
		};
		86A694AB2B6FF0E200BF7BD9 /* BreedAppTests */ = {
			isa = PBXNativeTarget;
			buildConfigurationList = 86A694B22B6FF0E200BF7BD9 /* Build configuration list for PBXNativeTarget "BreedAppTests" */;
			buildPhases = (
				86A694A82B6FF0E200BF7BD9 /* Sources */,
				86A694A92B6FF0E200BF7BD9 /* Frameworks */,
				86A694AA2B6FF0E200BF7BD9 /* Resources */,
			);
			buildRules = (
			);
			dependencies = (
				86A694B12B6FF0E200BF7BD9 /* PBXTargetDependency */,
			);
			name = BreedAppTests;
			productName = BreedAppTests;
			productReference = 86A694AC2B6FF0E200BF7BD9 /* BreedAppTests.xctest */;
			productType = "com.apple.product-type.bundle.unit-test";
		};
/* End PBXNativeTarget section */

/* Begin PBXProject section */
		86A694802B6FDE7400BF7BD9 /* Project object */ = {
			isa = PBXProject;
			attributes = {
				BuildIndependentTargetsInParallel = 1;
				LastSwiftUpdateCheck = 1500;
				LastUpgradeCheck = 1500;
				TargetAttributes = {
					86A694872B6FDE7400BF7BD9 = {
						CreatedOnToolsVersion = 15.0;
					};
					86A694AB2B6FF0E200BF7BD9 = {
						CreatedOnToolsVersion = 15.0;
						TestTargetID = 86A694872B6FDE7400BF7BD9;
					};
				};
			};
			buildConfigurationList = 86A694832B6FDE7400BF7BD9 /* Build configuration list for PBXProject "BreedApp" */;
			compatibilityVersion = "Xcode 14.0";
			developmentRegion = en;
			hasScannedForEncodings = 0;
			knownRegions = (
				en,
				Base,
			);
			mainGroup = 86A6947F2B6FDE7400BF7BD9;
			productRefGroup = 86A694892B6FDE7400BF7BD9 /* Products */;
			projectDirPath = "";
			projectRoot = "";
			targets = (
				86A694872B6FDE7400BF7BD9 /* BreedApp */,
				86A694AB2B6FF0E200BF7BD9 /* BreedAppTests */,
			);
		};
/* End PBXProject section */

/* Begin PBXResourcesBuildPhase section */
		86A694862B6FDE7400BF7BD9 /* Resources */ = {
			isa = PBXResourcesBuildPhase;
			buildActionMask = 2147483647;
			files = (
				86A694932B6FDE7500BF7BD9 /* Preview Assets.xcassets in Resources */,
				86A694902B6FDE7500BF7BD9 /* Assets.xcassets in Resources */,
			);
			runOnlyForDeploymentPostprocessing = 0;
		};
		86A694AA2B6FF0E200BF7BD9 /* Resources */ = {
			isa = PBXResourcesBuildPhase;
			buildActionMask = 2147483647;
			files = (
			);
			runOnlyForDeploymentPostprocessing = 0;
		};
/* End PBXResourcesBuildPhase section */

/* Begin PBXSourcesBuildPhase section */
		86A694842B6FDE7400BF7BD9 /* Sources */ = {
			isa = PBXSourcesBuildPhase;
			buildActionMask = 2147483647;
			files = (
				86A694C42B706EFE00BF7BD9 /* DogBreedSearchView.swift in Sources */,
				86A6949B2B6FE14400BF7BD9 /* DogBreedService.swift in Sources */,
				86A694C02B70657200BF7BD9 /* DogBreedDetailView.swift in Sources */,
				86A6948C2B6FDE7400BF7BD9 /* BreedAppApp.swift in Sources */,
				86A694C22B706EDD00BF7BD9 /* DogBreedSearchViewModel.swift in Sources */,
				86A694BE2B70652700BF7BD9 /* DogBreedDetailsViewModel.swift in Sources */,
				86A6949D2B6FE15A00BF7BD9 /* DogBreedServiceProtocol.swift in Sources */,
				86A694BA2B70351600BF7BD9 /* DogBreedView.swift in Sources */,
				86A694BC2B7045D800BF7BD9 /* RootNavigationView.swift in Sources */,
				86A694A52B6FE45700BF7BD9 /* DogBreedListViewModel.swift in Sources */,
				86A694B82B70329E00BF7BD9 /* DogBreedListView.swift in Sources */,
				86A694A72B6FE7FB00BF7BD9 /* DogBreedModel.swift in Sources */,
			);
			runOnlyForDeploymentPostprocessing = 0;
		};
		86A694A82B6FF0E200BF7BD9 /* Sources */ = {
			isa = PBXSourcesBuildPhase;
			buildActionMask = 2147483647;
			files = (
				86A694AF2B6FF0E200BF7BD9 /* DogBreedServiceTest.swift in Sources */,
				867AB0822B707DAD0003BEF4 /* MockDogBreedService.swift in Sources */,
				867AB0842B707F090003BEF4 /* DogBreedListViewModelTests.swift in Sources */,
				867AB0862B7085B70003BEF4 /* DogBreedDetailViewModelTests.swift in Sources */,
			);
			runOnlyForDeploymentPostprocessing = 0;
		};
/* End PBXSourcesBuildPhase section */

/* Begin PBXTargetDependency section */
		86A694B12B6FF0E200BF7BD9 /* PBXTargetDependency */ = {
			isa = PBXTargetDependency;
			target = 86A694872B6FDE7400BF7BD9 /* BreedApp */;
			targetProxy = 86A694B02B6FF0E200BF7BD9 /* PBXContainerItemProxy */;
		};
/* End PBXTargetDependency section */

/* Begin XCBuildConfiguration section */
		86A694942B6FDE7500BF7BD9 /* Debug */ = {
			isa = XCBuildConfiguration;
			buildSettings = {
				ALWAYS_SEARCH_USER_PATHS = NO;
				ASSETCATALOG_COMPILER_GENERATE_SWIFT_ASSET_SYMBOL_EXTENSIONS = YES;
				CLANG_ANALYZER_NONNULL = YES;
				CLANG_ANALYZER_NUMBER_OBJECT_CONVERSION = YES_AGGRESSIVE;
				CLANG_CXX_LANGUAGE_STANDARD = "gnu++20";
				CLANG_ENABLE_MODULES = YES;
				CLANG_ENABLE_OBJC_ARC = YES;
				CLANG_ENABLE_OBJC_WEAK = YES;
				CLANG_WARN_BLOCK_CAPTURE_AUTORELEASING = YES;
				CLANG_WARN_BOOL_CONVERSION = YES;
				CLANG_WARN_COMMA = YES;
				CLANG_WARN_CONSTANT_CONVERSION = YES;
				CLANG_WARN_DEPRECATED_OBJC_IMPLEMENTATIONS = YES;
				CLANG_WARN_DIRECT_OBJC_ISA_USAGE = YES_ERROR;
				CLANG_WARN_DOCUMENTATION_COMMENTS = YES;
				CLANG_WARN_EMPTY_BODY = YES;
				CLANG_WARN_ENUM_CONVERSION = YES;
				CLANG_WARN_INFINITE_RECURSION = YES;
				CLANG_WARN_INT_CONVERSION = YES;
				CLANG_WARN_NON_LITERAL_NULL_CONVERSION = YES;
				CLANG_WARN_OBJC_IMPLICIT_RETAIN_SELF = YES;
				CLANG_WARN_OBJC_LITERAL_CONVERSION = YES;
				CLANG_WARN_OBJC_ROOT_CLASS = YES_ERROR;
				CLANG_WARN_QUOTED_INCLUDE_IN_FRAMEWORK_HEADER = YES;
				CLANG_WARN_RANGE_LOOP_ANALYSIS = YES;
				CLANG_WARN_STRICT_PROTOTYPES = YES;
				CLANG_WARN_SUSPICIOUS_MOVE = YES;
				CLANG_WARN_UNGUARDED_AVAILABILITY = YES_AGGRESSIVE;
				CLANG_WARN_UNREACHABLE_CODE = YES;
				CLANG_WARN__DUPLICATE_METHOD_MATCH = YES;
				COPY_PHASE_STRIP = NO;
				DEBUG_INFORMATION_FORMAT = dwarf;
				ENABLE_STRICT_OBJC_MSGSEND = YES;
				ENABLE_TESTABILITY = YES;
				ENABLE_USER_SCRIPT_SANDBOXING = YES;
				GCC_C_LANGUAGE_STANDARD = gnu17;
				GCC_DYNAMIC_NO_PIC = NO;
				GCC_NO_COMMON_BLOCKS = YES;
				GCC_OPTIMIZATION_LEVEL = 0;
				GCC_PREPROCESSOR_DEFINITIONS = (
					"DEBUG=1",
					"$(inherited)",
				);
				GCC_WARN_64_TO_32_BIT_CONVERSION = YES;
				GCC_WARN_ABOUT_RETURN_TYPE = YES_ERROR;
				GCC_WARN_UNDECLARED_SELECTOR = YES;
				GCC_WARN_UNINITIALIZED_AUTOS = YES_AGGRESSIVE;
				GCC_WARN_UNUSED_FUNCTION = YES;
				GCC_WARN_UNUSED_VARIABLE = YES;
				IPHONEOS_DEPLOYMENT_TARGET = 17.0;
				LOCALIZATION_PREFERS_STRING_CATALOGS = YES;
				MTL_ENABLE_DEBUG_INFO = INCLUDE_SOURCE;
				MTL_FAST_MATH = YES;
				ONLY_ACTIVE_ARCH = YES;
				SDKROOT = iphoneos;
				SWIFT_ACTIVE_COMPILATION_CONDITIONS = "DEBUG $(inherited)";
				SWIFT_OPTIMIZATION_LEVEL = "-Onone";
			};
			name = Debug;
		};
		86A694952B6FDE7500BF7BD9 /* Release */ = {
			isa = XCBuildConfiguration;
			buildSettings = {
				ALWAYS_SEARCH_USER_PATHS = NO;
				ASSETCATALOG_COMPILER_GENERATE_SWIFT_ASSET_SYMBOL_EXTENSIONS = YES;
				CLANG_ANALYZER_NONNULL = YES;
				CLANG_ANALYZER_NUMBER_OBJECT_CONVERSION = YES_AGGRESSIVE;
				CLANG_CXX_LANGUAGE_STANDARD = "gnu++20";
				CLANG_ENABLE_MODULES = YES;
				CLANG_ENABLE_OBJC_ARC = YES;
				CLANG_ENABLE_OBJC_WEAK = YES;
				CLANG_WARN_BLOCK_CAPTURE_AUTORELEASING = YES;
				CLANG_WARN_BOOL_CONVERSION = YES;
				CLANG_WARN_COMMA = YES;
				CLANG_WARN_CONSTANT_CONVERSION = YES;
				CLANG_WARN_DEPRECATED_OBJC_IMPLEMENTATIONS = YES;
				CLANG_WARN_DIRECT_OBJC_ISA_USAGE = YES_ERROR;
				CLANG_WARN_DOCUMENTATION_COMMENTS = YES;
				CLANG_WARN_EMPTY_BODY = YES;
				CLANG_WARN_ENUM_CONVERSION = YES;
				CLANG_WARN_INFINITE_RECURSION = YES;
				CLANG_WARN_INT_CONVERSION = YES;
				CLANG_WARN_NON_LITERAL_NULL_CONVERSION = YES;
				CLANG_WARN_OBJC_IMPLICIT_RETAIN_SELF = YES;
				CLANG_WARN_OBJC_LITERAL_CONVERSION = YES;
				CLANG_WARN_OBJC_ROOT_CLASS = YES_ERROR;
				CLANG_WARN_QUOTED_INCLUDE_IN_FRAMEWORK_HEADER = YES;
				CLANG_WARN_RANGE_LOOP_ANALYSIS = YES;
				CLANG_WARN_STRICT_PROTOTYPES = YES;
				CLANG_WARN_SUSPICIOUS_MOVE = YES;
				CLANG_WARN_UNGUARDED_AVAILABILITY = YES_AGGRESSIVE;
				CLANG_WARN_UNREACHABLE_CODE = YES;
				CLANG_WARN__DUPLICATE_METHOD_MATCH = YES;
				COPY_PHASE_STRIP = NO;
				DEBUG_INFORMATION_FORMAT = "dwarf-with-dsym";
				ENABLE_NS_ASSERTIONS = NO;
				ENABLE_STRICT_OBJC_MSGSEND = YES;
				ENABLE_USER_SCRIPT_SANDBOXING = YES;
				GCC_C_LANGUAGE_STANDARD = gnu17;
				GCC_NO_COMMON_BLOCKS = YES;
				GCC_WARN_64_TO_32_BIT_CONVERSION = YES;
				GCC_WARN_ABOUT_RETURN_TYPE = YES_ERROR;
				GCC_WARN_UNDECLARED_SELECTOR = YES;
				GCC_WARN_UNINITIALIZED_AUTOS = YES_AGGRESSIVE;
				GCC_WARN_UNUSED_FUNCTION = YES;
				GCC_WARN_UNUSED_VARIABLE = YES;
				IPHONEOS_DEPLOYMENT_TARGET = 17.0;
				LOCALIZATION_PREFERS_STRING_CATALOGS = YES;
				MTL_ENABLE_DEBUG_INFO = NO;
				MTL_FAST_MATH = YES;
				SDKROOT = iphoneos;
				SWIFT_COMPILATION_MODE = wholemodule;
				VALIDATE_PRODUCT = YES;
			};
			name = Release;
		};
		86A694972B6FDE7500BF7BD9 /* Debug */ = {
			isa = XCBuildConfiguration;
			buildSettings = {
				ASSETCATALOG_COMPILER_APPICON_NAME = AppIcon;
				ASSETCATALOG_COMPILER_GLOBAL_ACCENT_COLOR_NAME = AccentColor;
				CODE_SIGN_STYLE = Automatic;
				CURRENT_PROJECT_VERSION = 1;
				DEVELOPMENT_ASSET_PATHS = "\"BreedApp/Preview Content\"";
				DEVELOPMENT_TEAM = Z2KYFA275B;
				ENABLE_PREVIEWS = YES;
				GENERATE_INFOPLIST_FILE = YES;
				INFOPLIST_KEY_LSApplicationCategoryType = "public.app-category.lifestyle";
				INFOPLIST_KEY_UIApplicationSceneManifest_Generation = YES;
				INFOPLIST_KEY_UIApplicationSupportsIndirectInputEvents = YES;
				INFOPLIST_KEY_UILaunchScreen_Generation = YES;
				INFOPLIST_KEY_UISupportedInterfaceOrientations_iPad = "UIInterfaceOrientationPortrait UIInterfaceOrientationPortraitUpsideDown UIInterfaceOrientationLandscapeLeft UIInterfaceOrientationLandscapeRight";
				INFOPLIST_KEY_UISupportedInterfaceOrientations_iPhone = "UIInterfaceOrientationPortrait UIInterfaceOrientationLandscapeLeft UIInterfaceOrientationLandscapeRight";
				IPHONEOS_DEPLOYMENT_TARGET = 16.2;
				LD_RUNPATH_SEARCH_PATHS = (
					"$(inherited)",
					"@executable_path/Frameworks",
				);
				MARKETING_VERSION = 1.0;
				PRODUCT_BUNDLE_IDENTIFIER = intro.freddbezerra.BreedApp;
				PRODUCT_NAME = "$(TARGET_NAME)";
				SWIFT_EMIT_LOC_STRINGS = YES;
				SWIFT_VERSION = 5.0;
				TARGETED_DEVICE_FAMILY = "1,2";
			};
			name = Debug;
		};
		86A694982B6FDE7500BF7BD9 /* Release */ = {
			isa = XCBuildConfiguration;
			buildSettings = {
				ASSETCATALOG_COMPILER_APPICON_NAME = AppIcon;
				ASSETCATALOG_COMPILER_GLOBAL_ACCENT_COLOR_NAME = AccentColor;
				CODE_SIGN_STYLE = Automatic;
				CURRENT_PROJECT_VERSION = 1;
				DEVELOPMENT_ASSET_PATHS = "\"BreedApp/Preview Content\"";
				DEVELOPMENT_TEAM = Z2KYFA275B;
				ENABLE_PREVIEWS = YES;
				GENERATE_INFOPLIST_FILE = YES;
				INFOPLIST_KEY_LSApplicationCategoryType = "public.app-category.lifestyle";
				INFOPLIST_KEY_UIApplicationSceneManifest_Generation = YES;
				INFOPLIST_KEY_UIApplicationSupportsIndirectInputEvents = YES;
				INFOPLIST_KEY_UILaunchScreen_Generation = YES;
				INFOPLIST_KEY_UISupportedInterfaceOrientations_iPad = "UIInterfaceOrientationPortrait UIInterfaceOrientationPortraitUpsideDown UIInterfaceOrientationLandscapeLeft UIInterfaceOrientationLandscapeRight";
				INFOPLIST_KEY_UISupportedInterfaceOrientations_iPhone = "UIInterfaceOrientationPortrait UIInterfaceOrientationLandscapeLeft UIInterfaceOrientationLandscapeRight";
				IPHONEOS_DEPLOYMENT_TARGET = 16.2;
				LD_RUNPATH_SEARCH_PATHS = (
					"$(inherited)",
					"@executable_path/Frameworks",
				);
				MARKETING_VERSION = 1.0;
				PRODUCT_BUNDLE_IDENTIFIER = intro.freddbezerra.BreedApp;
				PRODUCT_NAME = "$(TARGET_NAME)";
				SWIFT_EMIT_LOC_STRINGS = YES;
				SWIFT_VERSION = 5.0;
				TARGETED_DEVICE_FAMILY = "1,2";
			};
			name = Release;
		};
		86A694B32B6FF0E200BF7BD9 /* Debug */ = {
			isa = XCBuildConfiguration;
			buildSettings = {
				BUNDLE_LOADER = "$(TEST_HOST)";
				CODE_SIGN_STYLE = Automatic;
				CURRENT_PROJECT_VERSION = 1;
				DEVELOPMENT_TEAM = Z2KYFA275B;
				GENERATE_INFOPLIST_FILE = YES;
				MARKETING_VERSION = 1.0;
				PRODUCT_BUNDLE_IDENTIFIER = intro.freddbezerra.BreedAppTests;
				PRODUCT_NAME = "$(TARGET_NAME)";
				SWIFT_EMIT_LOC_STRINGS = NO;
				SWIFT_VERSION = 5.0;
				TARGETED_DEVICE_FAMILY = "1,2";
				TEST_HOST = "$(BUILT_PRODUCTS_DIR)/BreedApp.app/$(BUNDLE_EXECUTABLE_FOLDER_PATH)/BreedApp";
			};
			name = Debug;
		};
		86A694B42B6FF0E200BF7BD9 /* Release */ = {
			isa = XCBuildConfiguration;
			buildSettings = {
				BUNDLE_LOADER = "$(TEST_HOST)";
				CODE_SIGN_STYLE = Automatic;
				CURRENT_PROJECT_VERSION = 1;
				DEVELOPMENT_TEAM = Z2KYFA275B;
				GENERATE_INFOPLIST_FILE = YES;
				MARKETING_VERSION = 1.0;
				PRODUCT_BUNDLE_IDENTIFIER = intro.freddbezerra.BreedAppTests;
				PRODUCT_NAME = "$(TARGET_NAME)";
				SWIFT_EMIT_LOC_STRINGS = NO;
				SWIFT_VERSION = 5.0;
				TARGETED_DEVICE_FAMILY = "1,2";
				TEST_HOST = "$(BUILT_PRODUCTS_DIR)/BreedApp.app/$(BUNDLE_EXECUTABLE_FOLDER_PATH)/BreedApp";
			};
			name = Release;
		};
/* End XCBuildConfiguration section */

/* Begin XCConfigurationList section */
		86A694832B6FDE7400BF7BD9 /* Build configuration list for PBXProject "BreedApp" */ = {
			isa = XCConfigurationList;
			buildConfigurations = (
				86A694942B6FDE7500BF7BD9 /* Debug */,
				86A694952B6FDE7500BF7BD9 /* Release */,
			);
			defaultConfigurationIsVisible = 0;
			defaultConfigurationName = Release;
		};
		86A694962B6FDE7500BF7BD9 /* Build configuration list for PBXNativeTarget "BreedApp" */ = {
			isa = XCConfigurationList;
			buildConfigurations = (
				86A694972B6FDE7500BF7BD9 /* Debug */,
				86A694982B6FDE7500BF7BD9 /* Release */,
			);
			defaultConfigurationIsVisible = 0;
			defaultConfigurationName = Release;
		};
		86A694B22B6FF0E200BF7BD9 /* Build configuration list for PBXNativeTarget "BreedAppTests" */ = {
			isa = XCConfigurationList;
			buildConfigurations = (
				86A694B32B6FF0E200BF7BD9 /* Debug */,
				86A694B42B6FF0E200BF7BD9 /* Release */,
			);
			defaultConfigurationIsVisible = 0;
			defaultConfigurationName = Release;
		};
/* End XCConfigurationList section */
	};
	rootObject = 86A694802B6FDE7400BF7BD9 /* Project object */;
}
